dependencies:
- name: common
  repository: https://charts.bitnami.com/bitnami
  version: 1.13.1
- name: postgresql
  repository: https://charts.bitnami.com/bitnami
  version: 11.1.21
digest: sha256:94decf27285e873975621f9c161a9a8455a156c74c611886a6d725cb9cabd23e
generated: "2022-04-28T18:37:01.035567055Z"
